
Microsoft Visual Studio Solution File, Format Version 12.00
# Visual Studio Version 17
VisualStudioVersion = 17.2.32616.157
MinimumVisualStudioVersion = 10.0.40219.1
Project("{FAE04EC0-301F-11D3-BF4B-00C04F79EFBC}") = "UnitTestFunctionApp", "UnitTestFunctionApp.csproj", "{75F3C3E0-EA48-4877-98B1-6EBA0F8E6B96}"
EndProject
Project("{FAE04EC0-301F-11D3-BF4B-00C04F79EFBC}") = "UnitTestFunctionAppTest", "..\UnitTestFunctionAppTest\UnitTestFunctionAppTest.csproj", "{046BCBAD-13A0-43B2-88D3-4DB57812A402}"
EndProject
Global
	GlobalSection(SolutionConfigurationPlatforms) = preSolution
		Debug|Any CPU = Debug|Any CPU
		Release|Any CPU = Release|Any CPU
	EndGlobalSection
	GlobalSection(ProjectConfigurationPlatforms) = postSolution
		{75F3C3E0-EA48-4877-98B1-6EBA0F8E6B96}.Debug|Any CPU.ActiveCfg = Debug|Any CPU
		{75F3C3E0-EA48-4877-98B1-6EBA0F8E6B96}.Debug|Any CPU.Build.0 = Debug|Any CPU
		{75F3C3E0-EA48-4877-98B1-6EBA0F8E6B96}.Release|Any CPU.ActiveCfg = Release|Any CPU
		{75F3C3E0-EA48-4877-98B1-6EBA0F8E6B96}.Release|Any CPU.Build.0 = Release|Any CPU
		{046BCBAD-13A0-43B2-88D3-4DB57812A402}.Debug|Any CPU.ActiveCfg = Debug|Any CPU
		{046BCBAD-13A0-43B2-88D3-4DB57812A402}.Debug|Any CPU.Build.0 = Debug|Any CPU
		{046BCBAD-13A0-43B2-88D3-4DB57812A402}.Release|Any CPU.ActiveCfg = Release|Any CPU
		{046BCBAD-13A0-43B2-88D3-4DB57812A402}.Release|Any CPU.Build.0 = Release|Any CPU
	EndGlobalSection
	GlobalSection(SolutionProperties) = preSolution
		HideSolutionNode = FALSE
	EndGlobalSection
	GlobalSection(ExtensibilityGlobals) = postSolution
		SolutionGuid = {E8BD33A6-CBE6-43AA-B97A-B0CB9612344F}
	EndGlobalSection
EndGlobal
